
Microsoft Visual Studio Solution File, Format Version 12.00
# Visual Studio Version 16
VisualStudioVersion = 16.0.31205.134
MinimumVisualStudioVersion = 10.0.40219.1
Project("{FAE04EC0-301F-11D3-BF4B-00C04F79EFBC}") = "Urunler", "Urunler\Urunler.csproj", "{B739FAB8-E710-4CB1-BAE1-5C0230410147}"
EndProject
Global
	GlobalSection(SolutionConfigurationPlatforms) = preSolution
		Debug|Any CPU = Debug|Any CPU
		Release|Any CPU = Release|Any CPU
	EndGlobalSection
	GlobalSection(ProjectConfigurationPlatforms) = postSolution
		{B739FAB8-E710-4CB1-BAE1-5C0230410147}.Debug|Any CPU.ActiveCfg = Debug|Any CPU
		{B739FAB8-E710-4CB1-BAE1-5C0230410147}.Debug|Any CPU.Build.0 = Debug|Any CPU
		{B739FAB8-E710-4CB1-BAE1-5C0230410147}.Release|Any CPU.ActiveCfg = Release|Any CPU
		{B739FAB8-E710-4CB1-BAE1-5C0230410147}.Release|Any CPU.Build.0 = Release|Any CPU
	EndGlobalSection
	GlobalSection(SolutionProperties) = preSolution
		HideSolutionNode = FALSE
	EndGlobalSection
	GlobalSection(ExtensibilityGlobals) = postSolution
		SolutionGuid = {B58FD56E-FCAF-482A-9127-8A48D4D9EAF2}
	EndGlobalSection
EndGlobal
